
Microsoft Visual Studio Solution File, Format Version 12.00
# Visual Studio 15
VisualStudioVersion = 15.0.26430.12
MinimumVisualStudioVersion = 10.0.40219.1
Project("{FAE04EC0-301F-11D3-BF4B-00C04F79EFBC}") = "SearchJobWeb", "SearchJobMVC\SearchJobWeb.csproj", "{05B8C58E-D64A-457D-BD7A-D52B32B2A31D}"
EndProject
Project("{FAE04EC0-301F-11D3-BF4B-00C04F79EFBC}") = "Negocio", "Negocio\Negocio.csproj", "{28CE0249-A075-4154-82E6-41A9E3FBE970}"
EndProject
Project("{FAE04EC0-301F-11D3-BF4B-00C04F79EFBC}") = "Model", "Model\Model.csproj", "{933BD6CB-03BF-4F2C-A312-FE5918B8C564}"
EndProject
Project("{FAE04EC0-301F-11D3-BF4B-00C04F79EFBC}") = "Persistencia", "Persistencia\Persistencia.csproj", "{74BE1F86-9E4C-46DE-91C0-BFC7891C96C6}"
EndProject
Global
	GlobalSection(SolutionConfigurationPlatforms) = preSolution
		Debug|Any CPU = Debug|Any CPU
		Release|Any CPU = Release|Any CPU
	EndGlobalSection
	GlobalSection(ProjectConfigurationPlatforms) = postSolution
		{05B8C58E-D64A-457D-BD7A-D52B32B2A31D}.Debug|Any CPU.ActiveCfg = Debug|Any CPU
		{05B8C58E-D64A-457D-BD7A-D52B32B2A31D}.Debug|Any CPU.Build.0 = Debug|Any CPU
		{05B8C58E-D64A-457D-BD7A-D52B32B2A31D}.Release|Any CPU.ActiveCfg = Release|Any CPU
		{05B8C58E-D64A-457D-BD7A-D52B32B2A31D}.Release|Any CPU.Build.0 = Release|Any CPU
		{28CE0249-A075-4154-82E6-41A9E3FBE970}.Debug|Any CPU.ActiveCfg = Debug|Any CPU
		{28CE0249-A075-4154-82E6-41A9E3FBE970}.Debug|Any CPU.Build.0 = Debug|Any CPU
		{28CE0249-A075-4154-82E6-41A9E3FBE970}.Release|Any CPU.ActiveCfg = Release|Any CPU
		{28CE0249-A075-4154-82E6-41A9E3FBE970}.Release|Any CPU.Build.0 = Release|Any CPU
		{933BD6CB-03BF-4F2C-A312-FE5918B8C564}.Debug|Any CPU.ActiveCfg = Debug|Any CPU
		{933BD6CB-03BF-4F2C-A312-FE5918B8C564}.Debug|Any CPU.Build.0 = Debug|Any CPU
		{933BD6CB-03BF-4F2C-A312-FE5918B8C564}.Release|Any CPU.ActiveCfg = Release|Any CPU
		{933BD6CB-03BF-4F2C-A312-FE5918B8C564}.Release|Any CPU.Build.0 = Release|Any CPU
		{74BE1F86-9E4C-46DE-91C0-BFC7891C96C6}.Debug|Any CPU.ActiveCfg = Debug|Any CPU
		{74BE1F86-9E4C-46DE-91C0-BFC7891C96C6}.Debug|Any CPU.Build.0 = Debug|Any CPU
		{74BE1F86-9E4C-46DE-91C0-BFC7891C96C6}.Release|Any CPU.ActiveCfg = Release|Any CPU
		{74BE1F86-9E4C-46DE-91C0-BFC7891C96C6}.Release|Any CPU.Build.0 = Release|Any CPU
	EndGlobalSection
	GlobalSection(SolutionProperties) = preSolution
		HideSolutionNode = FALSE
	EndGlobalSection
EndGlobal
